
Microsoft Visual Studio Solution File, Format Version 12.00
# Visual Studio Version 17
VisualStudioVersion = 17.7.34221.43
MinimumVisualStudioVersion = 10.0.40219.1
Project("{9A19103F-16F7-4668-BE54-9A1E7A4F7556}") = "KDZ_2_3", "КДЗ_2_3\KDZ_2_3.csproj", "{9246387D-E6D7-433A-9973-B2F9F3323B8B}"
	ProjectSection(ProjectDependencies) = postProject
		{543459BE-D4EC-43D0-BD5B-4118CA27D688} = {543459BE-D4EC-43D0-BD5B-4118CA27D688}
	EndProjectSection
EndProject
Project("{9A19103F-16F7-4668-BE54-9A1E7A4F7556}") = "Libruary", "Libruary\Libruary.csproj", "{543459BE-D4EC-43D0-BD5B-4118CA27D688}"
EndProject
Global
	GlobalSection(SolutionConfigurationPlatforms) = preSolution
		Debug|Any CPU = Debug|Any CPU
		Release|Any CPU = Release|Any CPU
	EndGlobalSection
	GlobalSection(ProjectConfigurationPlatforms) = postSolution
		{9246387D-E6D7-433A-9973-B2F9F3323B8B}.Debug|Any CPU.ActiveCfg = Debug|Any CPU
		{9246387D-E6D7-433A-9973-B2F9F3323B8B}.Debug|Any CPU.Build.0 = Debug|Any CPU
		{9246387D-E6D7-433A-9973-B2F9F3323B8B}.Release|Any CPU.ActiveCfg = Release|Any CPU
		{9246387D-E6D7-433A-9973-B2F9F3323B8B}.Release|Any CPU.Build.0 = Release|Any CPU
		{543459BE-D4EC-43D0-BD5B-4118CA27D688}.Debug|Any CPU.ActiveCfg = Debug|Any CPU
		{543459BE-D4EC-43D0-BD5B-4118CA27D688}.Debug|Any CPU.Build.0 = Debug|Any CPU
		{543459BE-D4EC-43D0-BD5B-4118CA27D688}.Release|Any CPU.ActiveCfg = Release|Any CPU
		{543459BE-D4EC-43D0-BD5B-4118CA27D688}.Release|Any CPU.Build.0 = Release|Any CPU
	EndGlobalSection
	GlobalSection(SolutionProperties) = preSolution
		HideSolutionNode = FALSE
	EndGlobalSection
	GlobalSection(ExtensibilityGlobals) = postSolution
		SolutionGuid = {3C3AAAF9-3621-48CD-AF59-9CCE9315B705}
	EndGlobalSection
EndGlobal
